
Microsoft Visual Studio Solution File, Format Version 12.00
# Visual Studio Version 16
VisualStudioVersion = 16.0.31019.35
MinimumVisualStudioVersion = 10.0.40219.1
Project("{9A19103F-16F7-4668-BE54-9A1E7A4F7556}") = "FarmApp", "FarmApp\FarmApp.csproj", "{84CEA888-9240-44B1-B917-9932E264CB4A}"
EndProject
Global
	GlobalSection(SolutionConfigurationPlatforms) = preSolution
		Debug|Any CPU = Debug|Any CPU
		Release|Any CPU = Release|Any CPU
	EndGlobalSection
	GlobalSection(ProjectConfigurationPlatforms) = postSolution
		{84CEA888-9240-44B1-B917-9932E264CB4A}.Debug|Any CPU.ActiveCfg = Debug|Any CPU
		{84CEA888-9240-44B1-B917-9932E264CB4A}.Debug|Any CPU.Build.0 = Debug|Any CPU
		{84CEA888-9240-44B1-B917-9932E264CB4A}.Release|Any CPU.ActiveCfg = Release|Any CPU
		{84CEA888-9240-44B1-B917-9932E264CB4A}.Release|Any CPU.Build.0 = Release|Any CPU
	EndGlobalSection
	GlobalSection(SolutionProperties) = preSolution
		HideSolutionNode = FALSE
	EndGlobalSection
	GlobalSection(ExtensibilityGlobals) = postSolution
		SolutionGuid = {BFB81F9B-D5E5-4B1F-A8B4-112642C2C55B}
	EndGlobalSection
EndGlobal
